Microsoft Visual Studio Solution File, Format Version 12.00
# Visual Studio 14
VisualStudioVersion = 14.0.25123.0
MinimumVisualStudioVersion = 10.0.40219.1
Project("{8BC9CEB8-8B4A-11D0-8D11-00A0C91BC942}") = "pcloudcc", "pcloudcc.vcxproj", "{8AA7827F-2695-3FA5-B6DA-0199713F1013}"
	ProjectSection(ProjectDependencies) = postProject
		{EECADB6D-D329-38F0-AEE8-52BAEA03CDBD} = {EECADB6D-D329-38F0-AEE8-52BAEA03CDBD}
	EndProjectSection
EndProject
Project("{8BC9CEB8-8B4A-11D0-8D11-00A0C91BC942}") = "pclsync", "pclsync.vcxproj", "{EECADB6D-D329-38F0-AEE8-52BAEA03CDBD}"
EndProject
Project("{8BC9CEB8-8B4A-11D0-8D11-00A0C91BC942}") = "mbedTLS", "win\mbed\visualc\VS2010\mbedTLS.vcxproj", "{46CF2D25-6A36-4189-B59C-E4815388E554}"
EndProject
Project("{8BC9CEB8-8B4A-11D0-8D11-00A0C91BC942}") = "pthread", "win\pthreads-w32\pthread.vcxproj", "{764E876D-F57F-48B2-8417-FECC5277B65F}"
EndProject
Project("{8BC9CEB8-8B4A-11D0-8D11-00A0C91BC942}") = "zlibvc", "win\zlib-1.2.8\contrib\vstudio\vc11\zlibvc.vcxproj", "{8FD826F8-3739-44E6-8CC8-997122E53B8D}"
EndProject
Project("{8BC9CEB8-8B4A-11D0-8D11-00A0C91BC942}") = "fuse2cbfs", "win\fuse2cbfs\fuse2cbfs\fuse2cbfs.vcxproj", "{59061B8D-77B4-4CC8-9D94-49155E42E375}"
EndProject
Global
	GlobalSection(SolutionConfigurationPlatforms) = preSolution
		Debug|Itanium = Debug|Itanium
		Debug|Win32 = Debug|Win32
		Debug|x64 = Debug|x64
		MinSizeRel|Itanium = MinSizeRel|Itanium
		MinSizeRel|Win32 = MinSizeRel|Win32
		MinSizeRel|x64 = MinSizeRel|x64
		Release|Itanium = Release|Itanium
		Release|Win32 = Release|Win32
		Release|x64 = Release|x64
		ReleaseWithoutAsm|Itanium = ReleaseWithoutAsm|Itanium
		ReleaseWithoutAsm|Win32 = ReleaseWithoutAsm|Win32
		ReleaseWithoutAsm|x64 = ReleaseWithoutAsm|x64
		RelWithDebInfo|Itanium = RelWithDebInfo|Itanium
		RelWithDebInfo|Win32 = RelWithDebInfo|Win32
		RelWithDebInfo|x64 = RelWithDebInfo|x64
	EndGlobalSection
	GlobalSection(ProjectConfigurationPlatforms) = postSolution
		{8AA7827F-2695-3FA5-B6DA-0199713F1013}.Debug|Itanium.ActiveCfg = Debug|Win32
		{8AA7827F-2695-3FA5-B6DA-0199713F1013}.Debug|Win32.ActiveCfg = Debug|Win32
		{8AA7827F-2695-3FA5-B6DA-0199713F1013}.Debug|Win32.Build.0 = Debug|Win32
		{8AA7827F-2695-3FA5-B6DA-0199713F1013}.Debug|x64.ActiveCfg = Debug|Win32
		{8AA7827F-2695-3FA5-B6DA-0199713F1013}.MinSizeRel|Itanium.ActiveCfg = MinSizeRel|Win32
		{8AA7827F-2695-3FA5-B6DA-0199713F1013}.MinSizeRel|Win32.ActiveCfg = MinSizeRel|Win32
		{8AA7827F-2695-3FA5-B6DA-0199713F1013}.MinSizeRel|Win32.Build.0 = MinSizeRel|Win32
		{8AA7827F-2695-3FA5-B6DA-0199713F1013}.MinSizeRel|x64.ActiveCfg = MinSizeRel|Win32
		{8AA7827F-2695-3FA5-B6DA-0199713F1013}.Release|Itanium.ActiveCfg = Release|Win32
		{8AA7827F-2695-3FA5-B6DA-0199713F1013}.Release|Win32.ActiveCfg = Release|Win32
		{8AA7827F-2695-3FA5-B6DA-0199713F1013}.Release|Win32.Build.0 = Release|Win32
		{8AA7827F-2695-3FA5-B6DA-0199713F1013}.Release|x64.ActiveCfg = Release|Win32
		{8AA7827F-2695-3FA5-B6DA-0199713F1013}.ReleaseWithoutAsm|Itanium.ActiveCfg = RelWithDebInfo|Win32
		{8AA7827F-2695-3FA5-B6DA-0199713F1013}.ReleaseWithoutAsm|Itanium.Build.0 = RelWithDebInfo|Win32
		{8AA7827F-2695-3FA5-B6DA-0199713F1013}.ReleaseWithoutAsm|Win32.ActiveCfg = Release|Win32
		{8AA7827F-2695-3FA5-B6DA-0199713F1013}.ReleaseWithoutAsm|Win32.Build.0 = Release|Win32
		{8AA7827F-2695-3FA5-B6DA-0199713F1013}.ReleaseWithoutAsm|x64.ActiveCfg = RelWithDebInfo|Win32
		{8AA7827F-2695-3FA5-B6DA-0199713F1013}.ReleaseWithoutAsm|x64.Build.0 = RelWithDebInfo|Win32
		{8AA7827F-2695-3FA5-B6DA-0199713F1013}.RelWithDebInfo|Itanium.ActiveCfg = RelWithDebInfo|Win32
		{8AA7827F-2695-3FA5-B6DA-0199713F1013}.RelWithDebInfo|Win32.ActiveCfg = RelWithDebInfo|Win32
		{8AA7827F-2695-3FA5-B6DA-0199713F1013}.RelWithDebInfo|Win32.Build.0 = RelWithDebInfo|Win32
		{8AA7827F-2695-3FA5-B6DA-0199713F1013}.RelWithDebInfo|x64.ActiveCfg = RelWithDebInfo|Win32
		{EECADB6D-D329-38F0-AEE8-52BAEA03CDBD}.Debug|Itanium.ActiveCfg = Debug|Win32
		{EECADB6D-D329-38F0-AEE8-52BAEA03CDBD}.Debug|Win32.ActiveCfg = Debug|Win32
		{EECADB6D-D329-38F0-AEE8-52BAEA03CDBD}.Debug|Win32.Build.0 = Debug|Win32
		{EECADB6D-D329-38F0-AEE8-52BAEA03CDBD}.Debug|x64.ActiveCfg = Debug|Win32
		{EECADB6D-D329-38F0-AEE8-52BAEA03CDBD}.MinSizeRel|Itanium.ActiveCfg = MinSizeRel|Win32
		{EECADB6D-D329-38F0-AEE8-52BAEA03CDBD}.MinSizeRel|Win32.ActiveCfg = MinSizeRel|Win32
		{EECADB6D-D329-38F0-AEE8-52BAEA03CDBD}.MinSizeRel|Win32.Build.0 = MinSizeRel|Win32
		{EECADB6D-D329-38F0-AEE8-52BAEA03CDBD}.MinSizeRel|x64.ActiveCfg = MinSizeRel|Win32
		{EECADB6D-D329-38F0-AEE8-52BAEA03CDBD}.Release|Itanium.ActiveCfg = Release|Win32
		{EECADB6D-D329-38F0-AEE8-52BAEA03CDBD}.Release|Win32.ActiveCfg = Release|Win32
		{EECADB6D-D329-38F0-AEE8-52BAEA03CDBD}.Release|Win32.Build.0 = Release|Win32
		{EECADB6D-D329-38F0-AEE8-52BAEA03CDBD}.Release|x64.ActiveCfg = Release|Win32
		{EECADB6D-D329-38F0-AEE8-52BAEA03CDBD}.ReleaseWithoutAsm|Itanium.ActiveCfg = RelWithDebInfo|Win32
		{EECADB6D-D329-38F0-AEE8-52BAEA03CDBD}.ReleaseWithoutAsm|Itanium.Build.0 = RelWithDebInfo|Win32
		{EECADB6D-D329-38F0-AEE8-52BAEA03CDBD}.ReleaseWithoutAsm|Win32.ActiveCfg = Release|Win32
		{EECADB6D-D329-38F0-AEE8-52BAEA03CDBD}.ReleaseWithoutAsm|Win32.Build.0 = Release|Win32
		{EECADB6D-D329-38F0-AEE8-52BAEA03CDBD}.ReleaseWithoutAsm|x64.ActiveCfg = RelWithDebInfo|Win32
		{EECADB6D-D329-38F0-AEE8-52BAEA03CDBD}.ReleaseWithoutAsm|x64.Build.0 = RelWithDebInfo|Win32
		{EECADB6D-D329-38F0-AEE8-52BAEA03CDBD}.RelWithDebInfo|Itanium.ActiveCfg = RelWithDebInfo|Win32
		{EECADB6D-D329-38F0-AEE8-52BAEA03CDBD}.RelWithDebInfo|Win32.ActiveCfg = RelWithDebInfo|Win32
		{EECADB6D-D329-38F0-AEE8-52BAEA03CDBD}.RelWithDebInfo|Win32.Build.0 = RelWithDebInfo|Win32
		{EECADB6D-D329-38F0-AEE8-52BAEA03CDBD}.RelWithDebInfo|x64.ActiveCfg = RelWithDebInfo|Win32
		{46CF2D25-6A36-4189-B59C-E4815388E554}.Debug|Itanium.ActiveCfg = Debug|Win32
		{46CF2D25-6A36-4189-B59C-E4815388E554}.Debug|Win32.ActiveCfg = Debug|Win32
		{46CF2D25-6A36-4189-B59C-E4815388E554}.Debug|Win32.Build.0 = Debug|Win32
		{46CF2D25-6A36-4189-B59C-E4815388E554}.Debug|x64.ActiveCfg = Debug|x64
		{46CF2D25-6A36-4189-B59C-E4815388E554}.Debug|x64.Build.0 = Debug|x64
		{46CF2D25-6A36-4189-B59C-E4815388E554}.MinSizeRel|Itanium.ActiveCfg = Release|x64
		{46CF2D25-6A36-4189-B59C-E4815388E554}.MinSizeRel|Itanium.Build.0 = Release|x64
		{46CF2D25-6A36-4189-B59C-E4815388E554}.MinSizeRel|Win32.ActiveCfg = Release|Win32
		{46CF2D25-6A36-4189-B59C-E4815388E554}.MinSizeRel|Win32.Build.0 = Release|Win32
		{46CF2D25-6A36-4189-B59C-E4815388E554}.MinSizeRel|x64.ActiveCfg = Release|x64
		{46CF2D25-6A36-4189-B59C-E4815388E554}.MinSizeRel|x64.Build.0 = Release|x64
		{46CF2D25-6A36-4189-B59C-E4815388E554}.Release|Itanium.ActiveCfg = Release|Win32
		{46CF2D25-6A36-4189-B59C-E4815388E554}.Release|Win32.ActiveCfg = Release|Win32
		{46CF2D25-6A36-4189-B59C-E4815388E554}.Release|Win32.Build.0 = Release|Win32
		{46CF2D25-6A36-4189-B59C-E4815388E554}.Release|x64.ActiveCfg = Release|x64
		{46CF2D25-6A36-4189-B59C-E4815388E554}.Release|x64.Build.0 = Release|x64
		{46CF2D25-6A36-4189-B59C-E4815388E554}.ReleaseWithoutAsm|Itanium.ActiveCfg = Release|x64
		{46CF2D25-6A36-4189-B59C-E4815388E554}.ReleaseWithoutAsm|Itanium.Build.0 = Release|x64
		{46CF2D25-6A36-4189-B59C-E4815388E554}.ReleaseWithoutAsm|Win32.ActiveCfg = Release|Win32
		{46CF2D25-6A36-4189-B59C-E4815388E554}.ReleaseWithoutAsm|Win32.Build.0 = Release|Win32
		{46CF2D25-6A36-4189-B59C-E4815388E554}.ReleaseWithoutAsm|x64.ActiveCfg = Release|x64
		{46CF2D25-6A36-4189-B59C-E4815388E554}.ReleaseWithoutAsm|x64.Build.0 = Release|x64
		{46CF2D25-6A36-4189-B59C-E4815388E554}.RelWithDebInfo|Itanium.ActiveCfg = Release|x64
		{46CF2D25-6A36-4189-B59C-E4815388E554}.RelWithDebInfo|Itanium.Build.0 = Release|x64
		{46CF2D25-6A36-4189-B59C-E4815388E554}.RelWithDebInfo|Win32.ActiveCfg = Release|Win32
		{46CF2D25-6A36-4189-B59C-E4815388E554}.RelWithDebInfo|Win32.Build.0 = Release|Win32
		{46CF2D25-6A36-4189-B59C-E4815388E554}.RelWithDebInfo|x64.ActiveCfg = Release|x64
		{46CF2D25-6A36-4189-B59C-E4815388E554}.RelWithDebInfo|x64.Build.0 = Release|x64
		{764E876D-F57F-48B2-8417-FECC5277B65F}.Debug|Itanium.ActiveCfg = Debug|Win32
		{764E876D-F57F-48B2-8417-FECC5277B65F}.Debug|Win32.ActiveCfg = Debug|Win32
		{764E876D-F57F-48B2-8417-FECC5277B65F}.Debug|Win32.Build.0 = Debug|Win32
		{764E876D-F57F-48B2-8417-FECC5277B65F}.Debug|x64.ActiveCfg = Debug|Win32
		{764E876D-F57F-48B2-8417-FECC5277B65F}.MinSizeRel|Itanium.ActiveCfg = Release|Win32
		{764E876D-F57F-48B2-8417-FECC5277B65F}.MinSizeRel|Itanium.Build.0 = Release|Win32
		{764E876D-F57F-48B2-8417-FECC5277B65F}.MinSizeRel|Win32.ActiveCfg = Release|Win32
		{764E876D-F57F-48B2-8417-FECC5277B65F}.MinSizeRel|Win32.Build.0 = Release|Win32
		{764E876D-F57F-48B2-8417-FECC5277B65F}.MinSizeRel|x64.ActiveCfg = Release|Win32
		{764E876D-F57F-48B2-8417-FECC5277B65F}.MinSizeRel|x64.Build.0 = Release|Win32
		{764E876D-F57F-48B2-8417-FECC5277B65F}.Release|Itanium.ActiveCfg = Release|Win32
		{764E876D-F57F-48B2-8417-FECC5277B65F}.Release|Win32.ActiveCfg = Release|Win32
		{764E876D-F57F-48B2-8417-FECC5277B65F}.Release|Win32.Build.0 = Release|Win32
		{764E876D-F57F-48B2-8417-FECC5277B65F}.Release|x64.ActiveCfg = Release|Win32
		{764E876D-F57F-48B2-8417-FECC5277B65F}.ReleaseWithoutAsm|Itanium.ActiveCfg = Release|Win32
		{764E876D-F57F-48B2-8417-FECC5277B65F}.ReleaseWithoutAsm|Itanium.Build.0 = Release|Win32
		{764E876D-F57F-48B2-8417-FECC5277B65F}.ReleaseWithoutAsm|Win32.ActiveCfg = Release|Win32
		{764E876D-F57F-48B2-8417-FECC5277B65F}.ReleaseWithoutAsm|Win32.Build.0 = Release|Win32
		{764E876D-F57F-48B2-8417-FECC5277B65F}.ReleaseWithoutAsm|x64.ActiveCfg = Release|Win32
		{764E876D-F57F-48B2-8417-FECC5277B65F}.ReleaseWithoutAsm|x64.Build.0 = Release|Win32
		{764E876D-F57F-48B2-8417-FECC5277B65F}.RelWithDebInfo|Itanium.ActiveCfg = Release|Win32
		{764E876D-F57F-48B2-8417-FECC5277B65F}.RelWithDebInfo|Itanium.Build.0 = Release|Win32
		{764E876D-F57F-48B2-8417-FECC5277B65F}.RelWithDebInfo|Win32.ActiveCfg = Release|Win32
		{764E876D-F57F-48B2-8417-FECC5277B65F}.RelWithDebInfo|Win32.Build.0 = Release|Win32
		{764E876D-F57F-48B2-8417-FECC5277B65F}.RelWithDebInfo|x64.ActiveCfg = Release|Win32
		{764E876D-F57F-48B2-8417-FECC5277B65F}.RelWithDebInfo|x64.Build.0 = Release|Win32
		{8FD826F8-3739-44E6-8CC8-997122E53B8D}.Debug|Itanium.ActiveCfg = Debug|Itanium
		{8FD826F8-3739-44E6-8CC8-997122E53B8D}.Debug|Itanium.Build.0 = Debug|Itanium
		{8FD826F8-3739-44E6-8CC8-997122E53B8D}.Debug|Win32.ActiveCfg = Debug|Win32
		{8FD826F8-3739-44E6-8CC8-997122E53B8D}.Debug|Win32.Build.0 = Debug|Win32
		{8FD826F8-3739-44E6-8CC8-997122E53B8D}.Debug|x64.ActiveCfg = Debug|x64
		{8FD826F8-3739-44E6-8CC8-997122E53B8D}.Debug|x64.Build.0 = Debug|x64
		{8FD826F8-3739-44E6-8CC8-997122E53B8D}.MinSizeRel|Itanium.ActiveCfg = ReleaseWithoutAsm|Itanium
		{8FD826F8-3739-44E6-8CC8-997122E53B8D}.MinSizeRel|Itanium.Build.0 = ReleaseWithoutAsm|Itanium
		{8FD826F8-3739-44E6-8CC8-997122E53B8D}.MinSizeRel|Win32.ActiveCfg = Release|Win32
		{8FD826F8-3739-44E6-8CC8-997122E53B8D}.MinSizeRel|Win32.Build.0 = Release|Win32
		{8FD826F8-3739-44E6-8CC8-997122E53B8D}.MinSizeRel|x64.ActiveCfg = Release|x64
		{8FD826F8-3739-44E6-8CC8-997122E53B8D}.MinSizeRel|x64.Build.0 = Release|x64
		{8FD826F8-3739-44E6-8CC8-997122E53B8D}.Release|Itanium.ActiveCfg = Release|Itanium
		{8FD826F8-3739-44E6-8CC8-997122E53B8D}.Release|Itanium.Build.0 = Release|Itanium
		{8FD826F8-3739-44E6-8CC8-997122E53B8D}.Release|Win32.ActiveCfg = Release|Win32
		{8FD826F8-3739-44E6-8CC8-997122E53B8D}.Release|Win32.Build.0 = Release|Win32
		{8FD826F8-3739-44E6-8CC8-997122E53B8D}.Release|x64.ActiveCfg = Release|x64
		{8FD826F8-3739-44E6-8CC8-997122E53B8D}.Release|x64.Build.0 = Release|x64
		{8FD826F8-3739-44E6-8CC8-997122E53B8D}.ReleaseWithoutAsm|Itanium.ActiveCfg = ReleaseWithoutAsm|Itanium
		{8FD826F8-3739-44E6-8CC8-997122E53B8D}.ReleaseWithoutAsm|Itanium.Build.0 = ReleaseWithoutAsm|Itanium
		{8FD826F8-3739-44E6-8CC8-997122E53B8D}.ReleaseWithoutAsm|Win32.ActiveCfg = ReleaseWithoutAsm|Win32
		{8FD826F8-3739-44E6-8CC8-997122E53B8D}.ReleaseWithoutAsm|Win32.Build.0 = ReleaseWithoutAsm|Win32
		{8FD826F8-3739-44E6-8CC8-997122E53B8D}.ReleaseWithoutAsm|x64.ActiveCfg = ReleaseWithoutAsm|x64
		{8FD826F8-3739-44E6-8CC8-997122E53B8D}.ReleaseWithoutAsm|x64.Build.0 = ReleaseWithoutAsm|x64
		{8FD826F8-3739-44E6-8CC8-997122E53B8D}.RelWithDebInfo|Itanium.ActiveCfg = ReleaseWithoutAsm|Itanium
		{8FD826F8-3739-44E6-8CC8-997122E53B8D}.RelWithDebInfo|Itanium.Build.0 = ReleaseWithoutAsm|Itanium
		{8FD826F8-3739-44E6-8CC8-997122E53B8D}.RelWithDebInfo|Win32.ActiveCfg = Release|Win32
		{8FD826F8-3739-44E6-8CC8-997122E53B8D}.RelWithDebInfo|Win32.Build.0 = Release|Win32
		{8FD826F8-3739-44E6-8CC8-997122E53B8D}.RelWithDebInfo|x64.ActiveCfg = Release|x64
		{8FD826F8-3739-44E6-8CC8-997122E53B8D}.RelWithDebInfo|x64.Build.0 = Release|x64
		{59061B8D-77B4-4CC8-9D94-49155E42E375}.Debug|Itanium.ActiveCfg = Debug|Win32
		{59061B8D-77B4-4CC8-9D94-49155E42E375}.Debug|Win32.ActiveCfg = Debug|Win32
		{59061B8D-77B4-4CC8-9D94-49155E42E375}.Debug|Win32.Build.0 = Debug|Win32
		{59061B8D-77B4-4CC8-9D94-49155E42E375}.Debug|x64.ActiveCfg = Debug|Win32
		{59061B8D-77B4-4CC8-9D94-49155E42E375}.MinSizeRel|Itanium.ActiveCfg = Release|Win32
		{59061B8D-77B4-4CC8-9D94-49155E42E375}.MinSizeRel|Itanium.Build.0 = Release|Win32
		{59061B8D-77B4-4CC8-9D94-49155E42E375}.MinSizeRel|Win32.ActiveCfg = Release|Win32
		{59061B8D-77B4-4CC8-9D94-49155E42E375}.MinSizeRel|Win32.Build.0 = Release|Win32
		{59061B8D-77B4-4CC8-9D94-49155E42E375}.MinSizeRel|x64.ActiveCfg = Release|Win32
		{59061B8D-77B4-4CC8-9D94-49155E42E375}.MinSizeRel|x64.Build.0 = Release|Win32
		{59061B8D-77B4-4CC8-9D94-49155E42E375}.Release|Itanium.ActiveCfg = Release|Win32
		{59061B8D-77B4-4CC8-9D94-49155E42E375}.Release|Win32.ActiveCfg = Release|Win32
		{59061B8D-77B4-4CC8-9D94-49155E42E375}.Release|Win32.Build.0 = Release|Win32
		{59061B8D-77B4-4CC8-9D94-49155E42E375}.Release|x64.ActiveCfg = Release|Win32
		{59061B8D-77B4-4CC8-9D94-49155E42E375}.ReleaseWithoutAsm|Itanium.ActiveCfg = Release|Win32
		{59061B8D-77B4-4CC8-9D94-49155E42E375}.ReleaseWithoutAsm|Itanium.Build.0 = Release|Win32
		{59061B8D-77B4-4CC8-9D94-49155E42E375}.ReleaseWithoutAsm|Win32.ActiveCfg = Release|Win32
		{59061B8D-77B4-4CC8-9D94-49155E42E375}.ReleaseWithoutAsm|Win32.Build.0 = Release|Win32
		{59061B8D-77B4-4CC8-9D94-49155E42E375}.ReleaseWithoutAsm|x64.ActiveCfg = Release|Win32
		{59061B8D-77B4-4CC8-9D94-49155E42E375}.ReleaseWithoutAsm|x64.Build.0 = Release|Win32
		{59061B8D-77B4-4CC8-9D94-49155E42E375}.RelWithDebInfo|Itanium.ActiveCfg = Release|Win32
		{59061B8D-77B4-4CC8-9D94-49155E42E375}.RelWithDebInfo|Itanium.Build.0 = Release|Win32
		{59061B8D-77B4-4CC8-9D94-49155E42E375}.RelWithDebInfo|Win32.ActiveCfg = Release|Win32
		{59061B8D-77B4-4CC8-9D94-49155E42E375}.RelWithDebInfo|Win32.Build.0 = Release|Win32
		{59061B8D-77B4-4CC8-9D94-49155E42E375}.RelWithDebInfo|x64.ActiveCfg = Release|Win32
		{59061B8D-77B4-4CC8-9D94-49155E42E375}.RelWithDebInfo|x64.Build.0 = Release|Win32
	EndGlobalSection
	GlobalSection(SolutionProperties) = preSolution
		HideSolutionNode = FALSE
	EndGlobalSection
EndGlobal
